// !$*UTF8*$!
{
	archiveVersion = 1;
	classes = {
	};
	objectVersion = 56;
	objects = {

/* Begin PBXBuildFile section */
		33F8D908291092BE007A7A38 /* AppDelegate.swift in Sources */ = {isa = PBXBuildFile; fileRef = 33F8D907291092BE007A7A38 /* AppDelegate.swift */; };
		33F8D90A291092BE007A7A38 /* SceneDelegate.swift in Sources */ = {isa = PBXBuildFile; fileRef = 33F8D909291092BE007A7A38 /* SceneDelegate.swift */; };
		33F8D90C291092BE007A7A38 /* ViewController.swift in Sources */ = {isa = PBXBuildFile; fileRef = 33F8D90B291092BE007A7A38 /* ViewController.swift */; };
		33F8D90F291092BE007A7A38 /* Main.storyboard in Resources */ = {isa = PBXBuildFile; fileRef = 33F8D90D291092BE007A7A38 /* Main.storyboard */; };
		33F8D911291092C0007A7A38 /* Assets.xcassets in Resources */ = {isa = PBXBuildFile; fileRef = 33F8D910291092C0007A7A38 /* Assets.xcassets */; };
		33F8D914291092C0007A7A38 /* LaunchScreen.storyboard in Resources */ = {isa = PBXBuildFile; fileRef = 33F8D912291092C0007A7A38 /* LaunchScreen.storyboard */; };
		33F8D91F291092C0007A7A38 /* Lecture10_collection_viewsTests.swift in Sources */ = {isa = PBXBuildFile; fileRef = 33F8D91E291092C0007A7A38 /* Lecture10_collection_viewsTests.swift */; };
		33F8D929291092C0007A7A38 /* Lecture10_collection_viewsUITests.swift in Sources */ = {isa = PBXBuildFile; fileRef = 33F8D928291092C0007A7A38 /* Lecture10_collection_viewsUITests.swift */; };
		33F8D92B291092C0007A7A38 /* Lecture10_collection_viewsUITestsLaunchTests.swift in Sources */ = {isa = PBXBuildFile; fileRef = 33F8D92A291092C0007A7A38 /* Lecture10_collection_viewsUITestsLaunchTests.swift */; };
/* End PBXBuildFile section */

/* Begin PBXContainerItemProxy section */
		33F8D91B291092C0007A7A38 /* PBXContainerItemProxy */ = {
			isa = PBXContainerItemProxy;
			containerPortal = 33F8D8FC291092BE007A7A38 /* Project object */;
			proxyType = 1;
			remoteGlobalIDString = 33F8D903291092BE007A7A38;
			remoteInfo = Lecture10_collection_views;
		};
		33F8D925291092C0007A7A38 /* PBXContainerItemProxy */ = {
			isa = PBXContainerItemProxy;
			containerPortal = 33F8D8FC291092BE007A7A38 /* Project object */;
			proxyType = 1;
			remoteGlobalIDString = 33F8D903291092BE007A7A38;
			remoteInfo = Lecture10_collection_views;
		};
/* End PBXContainerItemProxy section */

/* Begin PBXFileReference section */
		33F8D904291092BE007A7A38 /* Lecture10_collection_views.app */ = {isa = PBXFileReference; explicitFileType = wrapper.application; includeInIndex = 0; path = Lecture10_collection_views.app; sourceTree = BUILT_PRODUCTS_DIR; };
		33F8D907291092BE007A7A38 /* AppDelegate.swift */ = {isa = PBXFileReference; lastKnownFileType = sourcecode.swift; path = AppDelegate.swift; sourceTree = "<group>"; };
		33F8D909291092BE007A7A38 /* SceneDelegate.swift */ = {isa = PBXFileReference; lastKnownFileType = sourcecode.swift; path = SceneDelegate.swift; sourceTree = "<group>"; };
		33F8D90B291092BE007A7A38 /* ViewController.swift */ = {isa = PBXFileReference; lastKnownFileType = sourcecode.swift; path = ViewController.swift; sourceTree = "<group>"; };
		33F8D90E291092BE007A7A38 /* Base */ = {isa = PBXFileReference; lastKnownFileType = file.storyboard; name = Base; path = Base.lproj/Main.storyboard; sourceTree = "<group>"; };
		33F8D910291092C0007A7A38 /* Assets.xcassets */ = {isa = PBXFileReference; lastKnownFileType = folder.assetcatalog; path = Assets.xcassets; sourceTree = "<group>"; };
		33F8D913291092C0007A7A38 /* Base */ = {isa = PBXFileReference; lastKnownFileType = file.storyboard; name = Base; path = Base.lproj/LaunchScreen.storyboard; sourceTree = "<group>"; };
		33F8D915291092C0007A7A38 /* Info.plist */ = {isa = PBXFileReference; lastKnownFileType = text.plist.xml; path = Info.plist; sourceTree = "<group>"; };
		33F8D91A291092C0007A7A38 /* Lecture10_collection_viewsTests.xctest */ = {isa = PBXFileReference; explicitFileType = wrapper.cfbundle; includeInIndex = 0; path = Lecture10_collection_viewsTests.xctest; sourceTree = BUILT_PRODUCTS_DIR; };
		33F8D91E291092C0007A7A38 /* Lecture10_collection_viewsTests.swift */ = {isa = PBXFileReference; lastKnownFileType = sourcecode.swift; path = Lecture10_collection_viewsTests.swift; sourceTree = "<group>"; };
		33F8D924291092C0007A7A38 /* Lecture10_collection_viewsUITests.xctest */ = {isa = PBXFileReference; explicitFileType = wrapper.cfbundle; includeInIndex = 0; path = Lecture10_collection_viewsUITests.xctest; sourceTree = BUILT_PRODUCTS_DIR; };
		33F8D928291092C0007A7A38 /* Lecture10_collection_viewsUITests.swift */ = {isa = PBXFileReference; lastKnownFileType = sourcecode.swift; path = Lecture10_collection_viewsUITests.swift; sourceTree = "<group>"; };
		33F8D92A291092C0007A7A38 /* Lecture10_collection_viewsUITestsLaunchTests.swift */ = {isa = PBXFileReference; lastKnownFileType = sourcecode.swift; path = Lecture10_collection_viewsUITestsLaunchTests.swift; sourceTree = "<group>"; };
/* End PBXFileReference section */

/* Begin PBXFrameworksBuildPhase section */
		33F8D901291092BE007A7A38 /* Frameworks */ = {
			isa = PBXFrameworksBuildPhase;
			buildActionMask = 2147483647;
			files = (
			);
			runOnlyForDeploymentPostprocessing = 0;
		};
		33F8D917291092C0007A7A38 /* Frameworks */ = {
			isa = PBXFrameworksBuildPhase;
			buildActionMask = 2147483647;
			files = (
			);
			runOnlyForDeploymentPostprocessing = 0;
		};
		33F8D921291092C0007A7A38 /* Frameworks */ = {
			isa = PBXFrameworksBuildPhase;
			buildActionMask = 2147483647;
			files = (
			);
			runOnlyForDeploymentPostprocessing = 0;
		};
/* End PBXFrameworksBuildPhase section */

/* Begin PBXGroup section */
		33F8D8FB291092BE007A7A38 = {
			isa = PBXGroup;
			children = (
				33F8D906291092BE007A7A38 /* Lecture10_collection_views */,
				33F8D91D291092C0007A7A38 /* Lecture10_collection_viewsTests */,
				33F8D927291092C0007A7A38 /* Lecture10_collection_viewsUITests */,
				33F8D905291092BE007A7A38 /* Products */,
			);
			sourceTree = "<group>";
		};
		33F8D905291092BE007A7A38 /* Products */ = {
			isa = PBXGroup;
			children = (
				33F8D904291092BE007A7A38 /* Lecture10_collection_views.app */,
				33F8D91A291092C0007A7A38 /* Lecture10_collection_viewsTests.xctest */,
				33F8D924291092C0007A7A38 /* Lecture10_collection_viewsUITests.xctest */,
			);
			name = Products;
			sourceTree = "<group>";
		};
		33F8D906291092BE007A7A38 /* Lecture10_collection_views */ = {
			isa = PBXGroup;
			children = (
				33F8D907291092BE007A7A38 /* AppDelegate.swift */,
				33F8D909291092BE007A7A38 /* SceneDelegate.swift */,
				33F8D90B291092BE007A7A38 /* ViewController.swift */,
				33F8D90D291092BE007A7A38 /* Main.storyboard */,
				33F8D910291092C0007A7A38 /* Assets.xcassets */,
				33F8D912291092C0007A7A38 /* LaunchScreen.storyboard */,
				33F8D915291092C0007A7A38 /* Info.plist */,
			);
			path = Lecture10_collection_views;
			sourceTree = "<group>";
		};
		33F8D91D291092C0007A7A38 /* Lecture10_collection_viewsTests */ = {
			isa = PBXGroup;
			children = (
				33F8D91E291092C0007A7A38 /* Lecture10_collection_viewsTests.swift */,
			);
			path = Lecture10_collection_viewsTests;
			sourceTree = "<group>";
		};
		33F8D927291092C0007A7A38 /* Lecture10_collection_viewsUITests */ = {
			isa = PBXGroup;
			children = (
				33F8D928291092C0007A7A38 /* Lecture10_collection_viewsUITests.swift */,
				33F8D92A291092C0007A7A38 /* Lecture10_collection_viewsUITestsLaunchTests.swift */,
			);
			path = Lecture10_collection_viewsUITests;
			sourceTree = "<group>";
		};
/* End PBXGroup section */

/* Begin PBXNativeTarget section */
		33F8D903291092BE007A7A38 /* Lecture10_collection_views */ = {
			isa = PBXNativeTarget;
			buildConfigurationList = 33F8D92E291092C0007A7A38 /* Build configuration list for PBXNativeTarget "Lecture10_collection_views" */;
			buildPhases = (
				33F8D900291092BE007A7A38 /* Sources */,
				33F8D901291092BE007A7A38 /* Frameworks */,
				33F8D902291092BE007A7A38 /* Resources */,
			);
			buildRules = (
			);
			dependencies = (
			);
			name = Lecture10_collection_views;
			productName = Lecture10_collection_views;
			productReference = 33F8D904291092BE007A7A38 /* Lecture10_collection_views.app */;
			productType = "com.apple.product-type.application";
		};
		33F8D919291092C0007A7A38 /* Lecture10_collection_viewsTests */ = {
			isa = PBXNativeTarget;
			buildConfigurationList = 33F8D931291092C0007A7A38 /* Build configuration list for PBXNativeTarget "Lecture10_collection_viewsTests" */;
			buildPhases = (
				33F8D916291092C0007A7A38 /* Sources */,
				33F8D917291092C0007A7A38 /* Frameworks */,
				33F8D918291092C0007A7A38 /* Resources */,
			);
			buildRules = (
			);
			dependencies = (
				33F8D91C291092C0007A7A38 /* PBXTargetDependency */,
			);
			name = Lecture10_collection_viewsTests;
			productName = Lecture10_collection_viewsTests;
			productReference = 33F8D91A291092C0007A7A38 /* Lecture10_collection_viewsTests.xctest */;
			productType = "com.apple.product-type.bundle.unit-test";
		};
		33F8D923291092C0007A7A38 /* Lecture10_collection_viewsUITests */ = {
			isa = PBXNativeTarget;
			buildConfigurationList = 33F8D934291092C0007A7A38 /* Build configuration list for PBXNativeTarget "Lecture10_collection_viewsUITests" */;
			buildPhases = (
				33F8D920291092C0007A7A38 /* Sources */,
				33F8D921291092C0007A7A38 /* Frameworks */,
				33F8D922291092C0007A7A38 /* Resources */,
			);
			buildRules = (
			);
			dependencies = (
				33F8D926291092C0007A7A38 /* PBXTargetDependency */,
			);
			name = Lecture10_collection_viewsUITests;
			productName = Lecture10_collection_viewsUITests;
			productReference = 33F8D924291092C0007A7A38 /* Lecture10_collection_viewsUITests.xctest */;
			productType = "com.apple.product-type.bundle.ui-testing";
		};
/* End PBXNativeTarget section */

/* Begin PBXProject section */
		33F8D8FC291092BE007A7A38 /* Project object */ = {
			isa = PBXProject;
			attributes = {
				BuildIndependentTargetsInParallel = 1;
				LastSwiftUpdateCheck = 1400;
				LastUpgradeCheck = 1400;
				TargetAttributes = {
					33F8D903291092BE007A7A38 = {
						CreatedOnToolsVersion = 14.0.1;
					};
					33F8D919291092C0007A7A38 = {
						CreatedOnToolsVersion = 14.0.1;
						TestTargetID = 33F8D903291092BE007A7A38;
					};
					33F8D923291092C0007A7A38 = {
						CreatedOnToolsVersion = 14.0.1;
						TestTargetID = 33F8D903291092BE007A7A38;
					};
				};
			};
			buildConfigurationList = 33F8D8FF291092BE007A7A38 /* Build configuration list for PBXProject "Lecture10_collection_views" */;
			compatibilityVersion = "Xcode 14.0";
			developmentRegion = en;
			hasScannedForEncodings = 0;
			knownRegions = (
				en,
				Base,
			);
			mainGroup = 33F8D8FB291092BE007A7A38;
			productRefGroup = 33F8D905291092BE007A7A38 /* Products */;
			projectDirPath = "";
			projectRoot = "";
			targets = (
				33F8D903291092BE007A7A38 /* Lecture10_collection_views */,
				33F8D919291092C0007A7A38 /* Lecture10_collection_viewsTests */,
				33F8D923291092C0007A7A38 /* Lecture10_collection_viewsUITests */,
			);
		};
/* End PBXProject section */

/* Begin PBXResourcesBuildPhase section */
		33F8D902291092BE007A7A38 /* Resources */ = {
			isa = PBXResourcesBuildPhase;
			buildActionMask = 2147483647;
			files = (
				33F8D914291092C0007A7A38 /* LaunchScreen.storyboard in Resources */,
				33F8D911291092C0007A7A38 /* Assets.xcassets in Resources */,
				33F8D90F291092BE007A7A38 /* Main.storyboard in Resources */,
			);
			runOnlyForDeploymentPostprocessing = 0;
		};
		33F8D918291092C0007A7A38 /* Resources */ = {
			isa = PBXResourcesBuildPhase;
			buildActionMask = 2147483647;
			files = (
			);
			runOnlyForDeploymentPostprocessing = 0;
		};
		33F8D922291092C0007A7A38 /* Resources */ = {
			isa = PBXResourcesBuildPhase;
			buildActionMask = 2147483647;
			files = (
			);
			runOnlyForDeploymentPostprocessing = 0;
		};
/* End PBXResourcesBuildPhase section */

/* Begin PBXSourcesBuildPhase section */
		33F8D900291092BE007A7A38 /* Sources */ = {
			isa = PBXSourcesBuildPhase;
			buildActionMask = 2147483647;
			files = (
				33F8D90C291092BE007A7A38 /* ViewController.swift in Sources */,
				33F8D908291092BE007A7A38 /* AppDelegate.swift in Sources */,
				33F8D90A291092BE007A7A38 /* SceneDelegate.swift in Sources */,
			);
			runOnlyForDeploymentPostprocessing = 0;
		};
		33F8D916291092C0007A7A38 /* Sources */ = {
			isa = PBXSourcesBuildPhase;
			buildActionMask = 2147483647;
			files = (
				33F8D91F291092C0007A7A38 /* Lecture10_collection_viewsTests.swift in Sources */,
			);
			runOnlyForDeploymentPostprocessing = 0;
		};
		33F8D920291092C0007A7A38 /* Sources */ = {
			isa = PBXSourcesBuildPhase;
			buildActionMask = 2147483647;
			files = (
				33F8D929291092C0007A7A38 /* Lecture10_collection_viewsUITests.swift in Sources */,
				33F8D92B291092C0007A7A38 /* Lecture10_collection_viewsUITestsLaunchTests.swift in Sources */,
			);
			runOnlyForDeploymentPostprocessing = 0;
		};
/* End PBXSourcesBuildPhase section */

/* Begin PBXTargetDependency section */
		33F8D91C291092C0007A7A38 /* PBXTargetDependency */ = {
			isa = PBXTargetDependency;
			target = 33F8D903291092BE007A7A38 /* Lecture10_collection_views */;
			targetProxy = 33F8D91B291092C0007A7A38 /* PBXContainerItemProxy */;
		};
		33F8D926291092C0007A7A38 /* PBXTargetDependency */ = {
			isa = PBXTargetDependency;
			target = 33F8D903291092BE007A7A38 /* Lecture10_collection_views */;
			targetProxy = 33F8D925291092C0007A7A38 /* PBXContainerItemProxy */;
		};
/* End PBXTargetDependency section */

/* Begin PBXVariantGroup section */
		33F8D90D291092BE007A7A38 /* Main.storyboard */ = {
			isa = PBXVariantGroup;
			children = (
				33F8D90E291092BE007A7A38 /* Base */,
			);
			name = Main.storyboard;
			sourceTree = "<group>";
		};
		33F8D912291092C0007A7A38 /* LaunchScreen.storyboard */ = {
			isa = PBXVariantGroup;
			children = (
				33F8D913291092C0007A7A38 /* Base */,
			);
			name = LaunchScreen.storyboard;
			sourceTree = "<group>";
		};
/* End PBXVariantGroup section */

/* Begin XCBuildConfiguration section */
		33F8D92C291092C0007A7A38 /* Debug */ = {
			isa = XCBuildConfiguration;
			buildSettings = {
				ALWAYS_SEARCH_USER_PATHS = NO;
				CLANG_ANALYZER_NONNULL = YES;
				CLANG_ANALYZER_NUMBER_OBJECT_CONVERSION = YES_AGGRESSIVE;
				CLANG_CXX_LANGUAGE_STANDARD = "gnu++20";
				CLANG_ENABLE_MODULES = YES;
				CLANG_ENABLE_OBJC_ARC = YES;
				CLANG_ENABLE_OBJC_WEAK = YES;
				CLANG_WARN_BLOCK_CAPTURE_AUTORELEASING = YES;
				CLANG_WARN_BOOL_CONVERSION = YES;
				CLANG_WARN_COMMA = YES;
				CLANG_WARN_CONSTANT_CONVERSION = YES;
				CLANG_WARN_DEPRECATED_OBJC_IMPLEMENTATIONS = YES;
				CLANG_WARN_DIRECT_OBJC_ISA_USAGE = YES_ERROR;
				CLANG_WARN_DOCUMENTATION_COMMENTS = YES;
				CLANG_WARN_EMPTY_BODY = YES;
				CLANG_WARN_ENUM_CONVERSION = YES;
				CLANG_WARN_INFINITE_RECURSION = YES;
				CLANG_WARN_INT_CONVERSION = YES;
				CLANG_WARN_NON_LITERAL_NULL_CONVERSION = YES;
				CLANG_WARN_OBJC_IMPLICIT_RETAIN_SELF = YES;
				CLANG_WARN_OBJC_LITERAL_CONVERSION = YES;
				CLANG_WARN_OBJC_ROOT_CLASS = YES_ERROR;
				CLANG_WARN_QUOTED_INCLUDE_IN_FRAMEWORK_HEADER = YES;
				CLANG_WARN_RANGE_LOOP_ANALYSIS = YES;
				CLANG_WARN_STRICT_PROTOTYPES = YES;
				CLANG_WARN_SUSPICIOUS_MOVE = YES;
				CLANG_WARN_UNGUARDED_AVAILABILITY = YES_AGGRESSIVE;
				CLANG_WARN_UNREACHABLE_CODE = YES;
				CLANG_WARN__DUPLICATE_METHOD_MATCH = YES;
				COPY_PHASE_STRIP = NO;
				DEBUG_INFORMATION_FORMAT = dwarf;
				ENABLE_STRICT_OBJC_MSGSEND = YES;
				ENABLE_TESTABILITY = YES;
				GCC_C_LANGUAGE_STANDARD = gnu11;
				GCC_DYNAMIC_NO_PIC = NO;
				GCC_NO_COMMON_BLOCKS = YES;
				GCC_OPTIMIZATION_LEVEL = 0;
				GCC_PREPROCESSOR_DEFINITIONS = (
					"DEBUG=1",
					"$(inherited)",
				);
				GCC_WARN_64_TO_32_BIT_CONVERSION = YES;
				GCC_WARN_ABOUT_RETURN_TYPE = YES_ERROR;
				GCC_WARN_UNDECLARED_SELECTOR = YES;
				GCC_WARN_UNINITIALIZED_AUTOS = YES_AGGRESSIVE;
				GCC_WARN_UNUSED_FUNCTION = YES;
				GCC_WARN_UNUSED_VARIABLE = YES;
				IPHONEOS_DEPLOYMENT_TARGET = 16.0;
				MTL_ENABLE_DEBUG_INFO = INCLUDE_SOURCE;
				MTL_FAST_MATH = YES;
				ONLY_ACTIVE_ARCH = YES;
				SDKROOT = iphoneos;
				SWIFT_ACTIVE_COMPILATION_CONDITIONS = DEBUG;
				SWIFT_OPTIMIZATION_LEVEL = "-Onone";
			};
			name = Debug;
		};
		33F8D92D291092C0007A7A38 /* Release */ = {
			isa = XCBuildConfiguration;
			buildSettings = {
				ALWAYS_SEARCH_USER_PATHS = NO;
				CLANG_ANALYZER_NONNULL = YES;
				CLANG_ANALYZER_NUMBER_OBJECT_CONVERSION = YES_AGGRESSIVE;
				CLANG_CXX_LANGUAGE_STANDARD = "gnu++20";
				CLANG_ENABLE_MODULES = YES;
				CLANG_ENABLE_OBJC_ARC = YES;
				CLANG_ENABLE_OBJC_WEAK = YES;
				CLANG_WARN_BLOCK_CAPTURE_AUTORELEASING = YES;
				CLANG_WARN_BOOL_CONVERSION = YES;
				CLANG_WARN_COMMA = YES;
				CLANG_WARN_CONSTANT_CONVERSION = YES;
				CLANG_WARN_DEPRECATED_OBJC_IMPLEMENTATIONS = YES;
				CLANG_WARN_DIRECT_OBJC_ISA_USAGE = YES_ERROR;
				CLANG_WARN_DOCUMENTATION_COMMENTS = YES;
				CLANG_WARN_EMPTY_BODY = YES;
				CLANG_WARN_ENUM_CONVERSION = YES;
				CLANG_WARN_INFINITE_RECURSION = YES;
				CLANG_WARN_INT_CONVERSION = YES;
				CLANG_WARN_NON_LITERAL_NULL_CONVERSION = YES;
				CLANG_WARN_OBJC_IMPLICIT_RETAIN_SELF = YES;
				CLANG_WARN_OBJC_LITERAL_CONVERSION = YES;
				CLANG_WARN_OBJC_ROOT_CLASS = YES_ERROR;
				CLANG_WARN_QUOTED_INCLUDE_IN_FRAMEWORK_HEADER = YES;
				CLANG_WARN_RANGE_LOOP_ANALYSIS = YES;
				CLANG_WARN_STRICT_PROTOTYPES = YES;
				CLANG_WARN_SUSPICIOUS_MOVE = YES;
				CLANG_WARN_UNGUARDED_AVAILABILITY = YES_AGGRESSIVE;
				CLANG_WARN_UNREACHABLE_CODE = YES;
				CLANG_WARN__DUPLICATE_METHOD_MATCH = YES;
				COPY_PHASE_STRIP = NO;
				DEBUG_INFORMATION_FORMAT = "dwarf-with-dsym";
				ENABLE_NS_ASSERTIONS = NO;
				ENABLE_STRICT_OBJC_MSGSEND = YES;
				GCC_C_LANGUAGE_STANDARD = gnu11;
				GCC_NO_COMMON_BLOCKS = YES;
				GCC_WARN_64_TO_32_BIT_CONVERSION = YES;
				GCC_WARN_ABOUT_RETURN_TYPE = YES_ERROR;
				GCC_WARN_UNDECLARED_SELECTOR = YES;
				GCC_WARN_UNINITIALIZED_AUTOS = YES_AGGRESSIVE;
				GCC_WARN_UNUSED_FUNCTION = YES;
				GCC_WARN_UNUSED_VARIABLE = YES;
				IPHONEOS_DEPLOYMENT_TARGET = 16.0;
				MTL_ENABLE_DEBUG_INFO = NO;
				MTL_FAST_MATH = YES;
				SDKROOT = iphoneos;
				SWIFT_COMPILATION_MODE = wholemodule;
				SWIFT_OPTIMIZATION_LEVEL = "-O";
				VALIDATE_PRODUCT = YES;
			};
			name = Release;
		};
		33F8D92F291092C0007A7A38 /* Debug */ = {
			isa = XCBuildConfiguration;
			buildSettings = {
				ASSETCATALOG_COMPILER_APPICON_NAME = AppIcon;
				ASSETCATALOG_COMPILER_GLOBAL_ACCENT_COLOR_NAME = AccentColor;
				CODE_SIGN_STYLE = Automatic;
				CURRENT_PROJECT_VERSION = 1;
				DEVELOPMENT_TEAM = HXUKTZ49WR;
				GENERATE_INFOPLIST_FILE = YES;
				INFOPLIST_FILE = Lecture10_collection_views/Info.plist;
				INFOPLIST_KEY_UIApplicationSupportsIndirectInputEvents = YES;
				INFOPLIST_KEY_UILaunchStoryboardName = LaunchScreen;
				INFOPLIST_KEY_UIMainStoryboardFile = Main;
				INFOPLIST_KEY_UISupportedInterfaceOrientations_iPad = "UIInterfaceOrientationPortrait UIInterfaceOrientationPortraitUpsideDown UIInterfaceOrientationLandscapeLeft UIInterfaceOrientationLandscapeRight";
				INFOPLIST_KEY_UISupportedInterfaceOrientations_iPhone = "UIInterfaceOrientationPortrait UIInterfaceOrientationLandscapeLeft UIInterfaceOrientationLandscapeRight";
				LD_RUNPATH_SEARCH_PATHS = (
					"$(inherited)",
					"@executable_path/Frameworks",
				);
				MARKETING_VERSION = 1.0;
				PRODUCT_BUNDLE_IDENTIFIER = "e.Lecture10-collection-views";
				PRODUCT_NAME = "$(TARGET_NAME)";
				SWIFT_EMIT_LOC_STRINGS = YES;
				SWIFT_VERSION = 5.0;
				TARGETED_DEVICE_FAMILY = "1,2";
			};
			name = Debug;
		};
		33F8D930291092C0007A7A38 /* Release */ = {
			isa = XCBuildConfiguration;
			buildSettings = {
				ASSETCATALOG_COMPILER_APPICON_NAME = AppIcon;
				ASSETCATALOG_COMPILER_GLOBAL_ACCENT_COLOR_NAME = AccentColor;
				CODE_SIGN_STYLE = Automatic;
				CURRENT_PROJECT_VERSION = 1;
				DEVELOPMENT_TEAM = HXUKTZ49WR;
				GENERATE_INFOPLIST_FILE = YES;
				INFOPLIST_FILE = Lecture10_collection_views/Info.plist;
				INFOPLIST_KEY_UIApplicationSupportsIndirectInputEvents = YES;
				INFOPLIST_KEY_UILaunchStoryboardName = LaunchScreen;
				INFOPLIST_KEY_UIMainStoryboardFile = Main;
				INFOPLIST_KEY_UISupportedInterfaceOrientations_iPad = "UIInterfaceOrientationPortrait UIInterfaceOrientationPortraitUpsideDown UIInterfaceOrientationLandscapeLeft UIInterfaceOrientationLandscapeRight";
				INFOPLIST_KEY_UISupportedInterfaceOrientations_iPhone = "UIInterfaceOrientationPortrait UIInterfaceOrientationLandscapeLeft UIInterfaceOrientationLandscapeRight";
				LD_RUNPATH_SEARCH_PATHS = (
					"$(inherited)",
					"@executable_path/Frameworks",
				);
				MARKETING_VERSION = 1.0;
				PRODUCT_BUNDLE_IDENTIFIER = "e.Lecture10-collection-views";
				PRODUCT_NAME = "$(TARGET_NAME)";
				SWIFT_EMIT_LOC_STRINGS = YES;
				SWIFT_VERSION = 5.0;
				TARGETED_DEVICE_FAMILY = "1,2";
			};
			name = Release;
		};
		33F8D932291092C0007A7A38 /* Debug */ = {
			isa = XCBuildConfiguration;
			buildSettings = {
				ALWAYS_EMBED_SWIFT_STANDARD_LIBRARIES = YES;
				BUNDLE_LOADER = "$(TEST_HOST)";
				CODE_SIGN_STYLE = Automatic;
				CURRENT_PROJECT_VERSION = 1;
				DEVELOPMENT_TEAM = HXUKTZ49WR;
				GENERATE_INFOPLIST_FILE = YES;
				IPHONEOS_DEPLOYMENT_TARGET = 16.0;
				MARKETING_VERSION = 1.0;
				PRODUCT_BUNDLE_IDENTIFIER = "e.Lecture10-collection-viewsTests";
				PRODUCT_NAME = "$(TARGET_NAME)";
				SWIFT_EMIT_LOC_STRINGS = NO;
				SWIFT_VERSION = 5.0;
				TARGETED_DEVICE_FAMILY = "1,2";
				TEST_HOST = "$(BUILT_PRODUCTS_DIR)/Lecture10_collection_views.app/$(BUNDLE_EXECUTABLE_FOLDER_PATH)/Lecture10_collection_views";
			};
			name = Debug;
		};
		33F8D933291092C0007A7A38 /* Release */ = {
			isa = XCBuildConfiguration;
			buildSettings = {
				ALWAYS_EMBED_SWIFT_STANDARD_LIBRARIES = YES;
				BUNDLE_LOADER = "$(TEST_HOST)";
				CODE_SIGN_STYLE = Automatic;
				CURRENT_PROJECT_VERSION = 1;
				DEVELOPMENT_TEAM = HXUKTZ49WR;
				GENERATE_INFOPLIST_FILE = YES;
				IPHONEOS_DEPLOYMENT_TARGET = 16.0;
				MARKETING_VERSION = 1.0;
				PRODUCT_BUNDLE_IDENTIFIER = "e.Lecture10-collection-viewsTests";
				PRODUCT_NAME = "$(TARGET_NAME)";
				SWIFT_EMIT_LOC_STRINGS = NO;
				SWIFT_VERSION = 5.0;
				TARGETED_DEVICE_FAMILY = "1,2";
				TEST_HOST = "$(BUILT_PRODUCTS_DIR)/Lecture10_collection_views.app/$(BUNDLE_EXECUTABLE_FOLDER_PATH)/Lecture10_collection_views";
			};
			name = Release;
		};
		33F8D935291092C0007A7A38 /* Debug */ = {
			isa = XCBuildConfiguration;
			buildSettings = {
				ALWAYS_EMBED_SWIFT_STANDARD_LIBRARIES = YES;
				CODE_SIGN_STYLE = Automatic;
				CURRENT_PROJECT_VERSION = 1;
				DEVELOPMENT_TEAM = HXUKTZ49WR;
				GENERATE_INFOPLIST_FILE = YES;
				MARKETING_VERSION = 1.0;
				PRODUCT_BUNDLE_IDENTIFIER = "e.Lecture10-collection-viewsUITests";
				PRODUCT_NAME = "$(TARGET_NAME)";
				SWIFT_EMIT_LOC_STRINGS = NO;
				SWIFT_VERSION = 5.0;
				TARGETED_DEVICE_FAMILY = "1,2";
				TEST_TARGET_NAME = Lecture10_collection_views;
			};
			name = Debug;
		};
		33F8D936291092C0007A7A38 /* Release */ = {
			isa = XCBuildConfiguration;
			buildSettings = {
				ALWAYS_EMBED_SWIFT_STANDARD_LIBRARIES = YES;
				CODE_SIGN_STYLE = Automatic;
				CURRENT_PROJECT_VERSION = 1;
				DEVELOPMENT_TEAM = HXUKTZ49WR;
				GENERATE_INFOPLIST_FILE = YES;
				MARKETING_VERSION = 1.0;
				PRODUCT_BUNDLE_IDENTIFIER = "e.Lecture10-collection-viewsUITests";
				PRODUCT_NAME = "$(TARGET_NAME)";
				SWIFT_EMIT_LOC_STRINGS = NO;
				SWIFT_VERSION = 5.0;
				TARGETED_DEVICE_FAMILY = "1,2";
				TEST_TARGET_NAME = Lecture10_collection_views;
			};
			name = Release;
		};
/* End XCBuildConfiguration section */

/* Begin XCConfigurationList section */
		33F8D8FF291092BE007A7A38 /* Build configuration list for PBXProject "Lecture10_collection_views" */ = {
			isa = XCConfigurationList;
			buildConfigurations = (
				33F8D92C291092C0007A7A38 /* Debug */,
				33F8D92D291092C0007A7A38 /* Release */,
			);
			defaultConfigurationIsVisible = 0;
			defaultConfigurationName = Release;
		};
		33F8D92E291092C0007A7A38 /* Build configuration list for PBXNativeTarget "Lecture10_collection_views" */ = {
			isa = XCConfigurationList;
			buildConfigurations = (
				33F8D92F291092C0007A7A38 /* Debug */,
				33F8D930291092C0007A7A38 /* Release */,
			);
			defaultConfigurationIsVisible = 0;
			defaultConfigurationName = Release;
		};
		33F8D931291092C0007A7A38 /* Build configuration list for PBXNativeTarget "Lecture10_collection_viewsTests" */ = {
			isa = XCConfigurationList;
			buildConfigurations = (
				33F8D932291092C0007A7A38 /* Debug */,
				33F8D933291092C0007A7A38 /* Release */,
			);
			defaultConfigurationIsVisible = 0;
			defaultConfigurationName = Release;
		};
		33F8D934291092C0007A7A38 /* Build configuration list for PBXNativeTarget "Lecture10_collection_viewsUITests" */ = {
			isa = XCConfigurationList;
			buildConfigurations = (
				33F8D935291092C0007A7A38 /* Debug */,
				33F8D936291092C0007A7A38 /* Release */,
			);
			defaultConfigurationIsVisible = 0;
			defaultConfigurationName = Release;
		};
/* End XCConfigurationList section */
	};
	rootObject = 33F8D8FC291092BE007A7A38 /* Project object */;
}
