// !$*UTF8*$!
{
	archiveVersion = 1;
	classes = {
	};
	objectVersion = 56;
	objects = {

/* Begin PBXBuildFile section */
		339A7FFF290A31D2005F86DC /* hello_world_swiftApp.swift in Sources */ = {isa = PBXBuildFile; fileRef = 339A7FFE290A31D2005F86DC /* hello_world_swiftApp.swift */; };
		339A8001290A31D2005F86DC /* ContentView.swift in Sources */ = {isa = PBXBuildFile; fileRef = 339A8000290A31D2005F86DC /* ContentView.swift */; };
		339A8003290A31D4005F86DC /* Assets.xcassets in Resources */ = {isa = PBXBuildFile; fileRef = 339A8002290A31D4005F86DC /* Assets.xcassets */; };
		339A8006290A31D4005F86DC /* Preview Assets.xcassets in Resources */ = {isa = PBXBuildFile; fileRef = 339A8005290A31D4005F86DC /* Preview Assets.xcassets */; };
		339A8011290A31D4005F86DC /* hello_world_swiftTests.swift in Sources */ = {isa = PBXBuildFile; fileRef = 339A8010290A31D4005F86DC /* hello_world_swiftTests.swift */; };
		339A801B290A31D4005F86DC /* hello_world_swiftUITests.swift in Sources */ = {isa = PBXBuildFile; fileRef = 339A801A290A31D4005F86DC /* hello_world_swiftUITests.swift */; };
		339A801D290A31D4005F86DC /* hello_world_swiftUITestsLaunchTests.swift in Sources */ = {isa = PBXBuildFile; fileRef = 339A801C290A31D4005F86DC /* hello_world_swiftUITestsLaunchTests.swift */; };
/* End PBXBuildFile section */

/* Begin PBXContainerItemProxy section */
		339A800D290A31D4005F86DC /* PBXContainerItemProxy */ = {
			isa = PBXContainerItemProxy;
			containerPortal = 339A7FF3290A31D2005F86DC /* Project object */;
			proxyType = 1;
			remoteGlobalIDString = 339A7FFA290A31D2005F86DC;
			remoteInfo = hello_world_swift;
		};
		339A8017290A31D4005F86DC /* PBXContainerItemProxy */ = {
			isa = PBXContainerItemProxy;
			containerPortal = 339A7FF3290A31D2005F86DC /* Project object */;
			proxyType = 1;
			remoteGlobalIDString = 339A7FFA290A31D2005F86DC;
			remoteInfo = hello_world_swift;
		};
/* End PBXContainerItemProxy section */

/* Begin PBXFileReference section */
		339A7FFB290A31D2005F86DC /* hello_world_swift.app */ = {isa = PBXFileReference; explicitFileType = wrapper.application; includeInIndex = 0; path = hello_world_swift.app; sourceTree = BUILT_PRODUCTS_DIR; };
		339A7FFE290A31D2005F86DC /* hello_world_swiftApp.swift */ = {isa = PBXFileReference; lastKnownFileType = sourcecode.swift; path = hello_world_swiftApp.swift; sourceTree = "<group>"; };
		339A8000290A31D2005F86DC /* ContentView.swift */ = {isa = PBXFileReference; lastKnownFileType = sourcecode.swift; path = ContentView.swift; sourceTree = "<group>"; };
		339A8002290A31D4005F86DC /* Assets.xcassets */ = {isa = PBXFileReference; lastKnownFileType = folder.assetcatalog; path = Assets.xcassets; sourceTree = "<group>"; };
		339A8005290A31D4005F86DC /* Preview Assets.xcassets */ = {isa = PBXFileReference; lastKnownFileType = folder.assetcatalog; path = "Preview Assets.xcassets"; sourceTree = "<group>"; };
		339A8007290A31D4005F86DC /* hello_world_swift.entitlements */ = {isa = PBXFileReference; lastKnownFileType = text.plist.entitlements; path = hello_world_swift.entitlements; sourceTree = "<group>"; };
		339A800C290A31D4005F86DC /* hello_world_swiftTests.xctest */ = {isa = PBXFileReference; explicitFileType = wrapper.cfbundle; includeInIndex = 0; path = hello_world_swiftTests.xctest; sourceTree = BUILT_PRODUCTS_DIR; };
		339A8010290A31D4005F86DC /* hello_world_swiftTests.swift */ = {isa = PBXFileReference; lastKnownFileType = sourcecode.swift; path = hello_world_swiftTests.swift; sourceTree = "<group>"; };
		339A8016290A31D4005F86DC /* hello_world_swiftUITests.xctest */ = {isa = PBXFileReference; explicitFileType = wrapper.cfbundle; includeInIndex = 0; path = hello_world_swiftUITests.xctest; sourceTree = BUILT_PRODUCTS_DIR; };
		339A801A290A31D4005F86DC /* hello_world_swiftUITests.swift */ = {isa = PBXFileReference; lastKnownFileType = sourcecode.swift; path = hello_world_swiftUITests.swift; sourceTree = "<group>"; };
		339A801C290A31D4005F86DC /* hello_world_swiftUITestsLaunchTests.swift */ = {isa = PBXFileReference; lastKnownFileType = sourcecode.swift; path = hello_world_swiftUITestsLaunchTests.swift; sourceTree = "<group>"; };
		33F8D883290BCC50007A7A38 /* hello-world-swift-Info.plist */ = {isa = PBXFileReference; lastKnownFileType = text.plist; path = "hello-world-swift-Info.plist"; sourceTree = SOURCE_ROOT; };
/* End PBXFileReference section */

/* Begin PBXFrameworksBuildPhase section */
		339A7FF8290A31D2005F86DC /* Frameworks */ = {
			isa = PBXFrameworksBuildPhase;
			buildActionMask = 2147483647;
			files = (
			);
			runOnlyForDeploymentPostprocessing = 0;
		};
		339A8009290A31D4005F86DC /* Frameworks */ = {
			isa = PBXFrameworksBuildPhase;
			buildActionMask = 2147483647;
			files = (
			);
			runOnlyForDeploymentPostprocessing = 0;
		};
		339A8013290A31D4005F86DC /* Frameworks */ = {
			isa = PBXFrameworksBuildPhase;
			buildActionMask = 2147483647;
			files = (
			);
			runOnlyForDeploymentPostprocessing = 0;
		};
/* End PBXFrameworksBuildPhase section */

/* Begin PBXGroup section */
		339A7FF2290A31D2005F86DC = {
			isa = PBXGroup;
			children = (
				339A7FFD290A31D2005F86DC /* hello_world_swift */,
				339A800F290A31D4005F86DC /* hello_world_swiftTests */,
				339A8019290A31D4005F86DC /* hello_world_swiftUITests */,
				339A7FFC290A31D2005F86DC /* Products */,
			);
			sourceTree = "<group>";
		};
		339A7FFC290A31D2005F86DC /* Products */ = {
			isa = PBXGroup;
			children = (
				339A7FFB290A31D2005F86DC /* hello_world_swift.app */,
				339A800C290A31D4005F86DC /* hello_world_swiftTests.xctest */,
				339A8016290A31D4005F86DC /* hello_world_swiftUITests.xctest */,
			);
			name = Products;
			sourceTree = "<group>";
		};
		339A7FFD290A31D2005F86DC /* hello_world_swift */ = {
			isa = PBXGroup;
			children = (
				33F8D883290BCC50007A7A38 /* hello-world-swift-Info.plist */,
				339A7FFE290A31D2005F86DC /* hello_world_swiftApp.swift */,
				339A8000290A31D2005F86DC /* ContentView.swift */,
				339A8002290A31D4005F86DC /* Assets.xcassets */,
				339A8007290A31D4005F86DC /* hello_world_swift.entitlements */,
				339A8004290A31D4005F86DC /* Preview Content */,
			);
			path = hello_world_swift;
			sourceTree = "<group>";
		};
		339A8004290A31D4005F86DC /* Preview Content */ = {
			isa = PBXGroup;
			children = (
				339A8005290A31D4005F86DC /* Preview Assets.xcassets */,
			);
			path = "Preview Content";
			sourceTree = "<group>";
		};
		339A800F290A31D4005F86DC /* hello_world_swiftTests */ = {
			isa = PBXGroup;
			children = (
				339A8010290A31D4005F86DC /* hello_world_swiftTests.swift */,
			);
			path = hello_world_swiftTests;
			sourceTree = "<group>";
		};
		339A8019290A31D4005F86DC /* hello_world_swiftUITests */ = {
			isa = PBXGroup;
			children = (
				339A801A290A31D4005F86DC /* hello_world_swiftUITests.swift */,
				339A801C290A31D4005F86DC /* hello_world_swiftUITestsLaunchTests.swift */,
			);
			path = hello_world_swiftUITests;
			sourceTree = "<group>";
		};
/* End PBXGroup section */

/* Begin PBXNativeTarget section */
		339A7FFA290A31D2005F86DC /* hello_world_swift */ = {
			isa = PBXNativeTarget;
			buildConfigurationList = 339A8020290A31D4005F86DC /* Build configuration list for PBXNativeTarget "hello_world_swift" */;
			buildPhases = (
				339A7FF7290A31D2005F86DC /* Sources */,
				339A7FF8290A31D2005F86DC /* Frameworks */,
				339A7FF9290A31D2005F86DC /* Resources */,
			);
			buildRules = (
			);
			dependencies = (
			);
			name = hello_world_swift;
			productName = hello_world_swift;
			productReference = 339A7FFB290A31D2005F86DC /* hello_world_swift.app */;
			productType = "com.apple.product-type.application";
		};
		339A800B290A31D4005F86DC /* hello_world_swiftTests */ = {
			isa = PBXNativeTarget;
			buildConfigurationList = 339A8023290A31D4005F86DC /* Build configuration list for PBXNativeTarget "hello_world_swiftTests" */;
			buildPhases = (
				339A8008290A31D4005F86DC /* Sources */,
				339A8009290A31D4005F86DC /* Frameworks */,
				339A800A290A31D4005F86DC /* Resources */,
			);
			buildRules = (
			);
			dependencies = (
				339A800E290A31D4005F86DC /* PBXTargetDependency */,
			);
			name = hello_world_swiftTests;
			productName = hello_world_swiftTests;
			productReference = 339A800C290A31D4005F86DC /* hello_world_swiftTests.xctest */;
			productType = "com.apple.product-type.bundle.unit-test";
		};
		339A8015290A31D4005F86DC /* hello_world_swiftUITests */ = {
			isa = PBXNativeTarget;
			buildConfigurationList = 339A8026290A31D4005F86DC /* Build configuration list for PBXNativeTarget "hello_world_swiftUITests" */;
			buildPhases = (
				339A8012290A31D4005F86DC /* Sources */,
				339A8013290A31D4005F86DC /* Frameworks */,
				339A8014290A31D4005F86DC /* Resources */,
			);
			buildRules = (
			);
			dependencies = (
				339A8018290A31D4005F86DC /* PBXTargetDependency */,
			);
			name = hello_world_swiftUITests;
			productName = hello_world_swiftUITests;
			productReference = 339A8016290A31D4005F86DC /* hello_world_swiftUITests.xctest */;
			productType = "com.apple.product-type.bundle.ui-testing";
		};
/* End PBXNativeTarget section */

/* Begin PBXProject section */
		339A7FF3290A31D2005F86DC /* Project object */ = {
			isa = PBXProject;
			attributes = {
				BuildIndependentTargetsInParallel = 1;
				LastSwiftUpdateCheck = 1400;
				LastUpgradeCheck = 1400;
				TargetAttributes = {
					339A7FFA290A31D2005F86DC = {
						CreatedOnToolsVersion = 14.0.1;
					};
					339A800B290A31D4005F86DC = {
						CreatedOnToolsVersion = 14.0.1;
						TestTargetID = 339A7FFA290A31D2005F86DC;
					};
					339A8015290A31D4005F86DC = {
						CreatedOnToolsVersion = 14.0.1;
						TestTargetID = 339A7FFA290A31D2005F86DC;
					};
				};
			};
			buildConfigurationList = 339A7FF6290A31D2005F86DC /* Build configuration list for PBXProject "hello_world_swift" */;
			compatibilityVersion = "Xcode 14.0";
			developmentRegion = en;
			hasScannedForEncodings = 0;
			knownRegions = (
				en,
				Base,
			);
			mainGroup = 339A7FF2290A31D2005F86DC;
			productRefGroup = 339A7FFC290A31D2005F86DC /* Products */;
			projectDirPath = "";
			projectRoot = "";
			targets = (
				339A7FFA290A31D2005F86DC /* hello_world_swift */,
				339A800B290A31D4005F86DC /* hello_world_swiftTests */,
				339A8015290A31D4005F86DC /* hello_world_swiftUITests */,
			);
		};
/* End PBXProject section */

/* Begin PBXResourcesBuildPhase section */
		339A7FF9290A31D2005F86DC /* Resources */ = {
			isa = PBXResourcesBuildPhase;
			buildActionMask = 2147483647;
			files = (
				339A8006290A31D4005F86DC /* Preview Assets.xcassets in Resources */,
				339A8003290A31D4005F86DC /* Assets.xcassets in Resources */,
			);
			runOnlyForDeploymentPostprocessing = 0;
		};
		339A800A290A31D4005F86DC /* Resources */ = {
			isa = PBXResourcesBuildPhase;
			buildActionMask = 2147483647;
			files = (
			);
			runOnlyForDeploymentPostprocessing = 0;
		};
		339A8014290A31D4005F86DC /* Resources */ = {
			isa = PBXResourcesBuildPhase;
			buildActionMask = 2147483647;
			files = (
			);
			runOnlyForDeploymentPostprocessing = 0;
		};
/* End PBXResourcesBuildPhase section */

/* Begin PBXSourcesBuildPhase section */
		339A7FF7290A31D2005F86DC /* Sources */ = {
			isa = PBXSourcesBuildPhase;
			buildActionMask = 2147483647;
			files = (
				339A8001290A31D2005F86DC /* ContentView.swift in Sources */,
				339A7FFF290A31D2005F86DC /* hello_world_swiftApp.swift in Sources */,
			);
			runOnlyForDeploymentPostprocessing = 0;
		};
		339A8008290A31D4005F86DC /* Sources */ = {
			isa = PBXSourcesBuildPhase;
			buildActionMask = 2147483647;
			files = (
				339A8011290A31D4005F86DC /* hello_world_swiftTests.swift in Sources */,
			);
			runOnlyForDeploymentPostprocessing = 0;
		};
		339A8012290A31D4005F86DC /* Sources */ = {
			isa = PBXSourcesBuildPhase;
			buildActionMask = 2147483647;
			files = (
				339A801D290A31D4005F86DC /* hello_world_swiftUITestsLaunchTests.swift in Sources */,
				339A801B290A31D4005F86DC /* hello_world_swiftUITests.swift in Sources */,
			);
			runOnlyForDeploymentPostprocessing = 0;
		};
/* End PBXSourcesBuildPhase section */

/* Begin PBXTargetDependency section */
		339A800E290A31D4005F86DC /* PBXTargetDependency */ = {
			isa = PBXTargetDependency;
			target = 339A7FFA290A31D2005F86DC /* hello_world_swift */;
			targetProxy = 339A800D290A31D4005F86DC /* PBXContainerItemProxy */;
		};
		339A8018290A31D4005F86DC /* PBXTargetDependency */ = {
			isa = PBXTargetDependency;
			target = 339A7FFA290A31D2005F86DC /* hello_world_swift */;
			targetProxy = 339A8017290A31D4005F86DC /* PBXContainerItemProxy */;
		};
/* End PBXTargetDependency section */

/* Begin XCBuildConfiguration section */
		339A801E290A31D4005F86DC /* Debug */ = {
			isa = XCBuildConfiguration;
			buildSettings = {
				ALWAYS_SEARCH_USER_PATHS = NO;
				CLANG_ANALYZER_NONNULL = YES;
				CLANG_ANALYZER_NUMBER_OBJECT_CONVERSION = YES_AGGRESSIVE;
				CLANG_CXX_LANGUAGE_STANDARD = "gnu++20";
				CLANG_ENABLE_MODULES = YES;
				CLANG_ENABLE_OBJC_ARC = YES;
				CLANG_ENABLE_OBJC_WEAK = YES;
				CLANG_WARN_BLOCK_CAPTURE_AUTORELEASING = YES;
				CLANG_WARN_BOOL_CONVERSION = YES;
				CLANG_WARN_COMMA = YES;
				CLANG_WARN_CONSTANT_CONVERSION = YES;
				CLANG_WARN_DEPRECATED_OBJC_IMPLEMENTATIONS = YES;
				CLANG_WARN_DIRECT_OBJC_ISA_USAGE = YES_ERROR;
				CLANG_WARN_DOCUMENTATION_COMMENTS = YES;
				CLANG_WARN_EMPTY_BODY = YES;
				CLANG_WARN_ENUM_CONVERSION = YES;
				CLANG_WARN_INFINITE_RECURSION = YES;
				CLANG_WARN_INT_CONVERSION = YES;
				CLANG_WARN_NON_LITERAL_NULL_CONVERSION = YES;
				CLANG_WARN_OBJC_IMPLICIT_RETAIN_SELF = YES;
				CLANG_WARN_OBJC_LITERAL_CONVERSION = YES;
				CLANG_WARN_OBJC_ROOT_CLASS = YES_ERROR;
				CLANG_WARN_QUOTED_INCLUDE_IN_FRAMEWORK_HEADER = YES;
				CLANG_WARN_RANGE_LOOP_ANALYSIS = YES;
				CLANG_WARN_STRICT_PROTOTYPES = YES;
				CLANG_WARN_SUSPICIOUS_MOVE = YES;
				CLANG_WARN_UNGUARDED_AVAILABILITY = YES_AGGRESSIVE;
				CLANG_WARN_UNREACHABLE_CODE = YES;
				CLANG_WARN__DUPLICATE_METHOD_MATCH = YES;
				COPY_PHASE_STRIP = NO;
				DEBUG_INFORMATION_FORMAT = dwarf;
				ENABLE_STRICT_OBJC_MSGSEND = YES;
				ENABLE_TESTABILITY = YES;
				GCC_C_LANGUAGE_STANDARD = gnu11;
				GCC_DYNAMIC_NO_PIC = NO;
				GCC_NO_COMMON_BLOCKS = YES;
				GCC_OPTIMIZATION_LEVEL = 0;
				GCC_PREPROCESSOR_DEFINITIONS = (
					"DEBUG=1",
					"$(inherited)",
				);
				GCC_WARN_64_TO_32_BIT_CONVERSION = YES;
				GCC_WARN_ABOUT_RETURN_TYPE = YES_ERROR;
				GCC_WARN_UNDECLARED_SELECTOR = YES;
				GCC_WARN_UNINITIALIZED_AUTOS = YES_AGGRESSIVE;
				GCC_WARN_UNUSED_FUNCTION = YES;
				GCC_WARN_UNUSED_VARIABLE = YES;
				MACOSX_DEPLOYMENT_TARGET = 12.3;
				MTL_ENABLE_DEBUG_INFO = INCLUDE_SOURCE;
				MTL_FAST_MATH = YES;
				ONLY_ACTIVE_ARCH = YES;
				SDKROOT = macosx;
				SWIFT_ACTIVE_COMPILATION_CONDITIONS = DEBUG;
				SWIFT_OPTIMIZATION_LEVEL = "-Onone";
			};
			name = Debug;
		};
		339A801F290A31D4005F86DC /* Release */ = {
			isa = XCBuildConfiguration;
			buildSettings = {
				ALWAYS_SEARCH_USER_PATHS = NO;
				CLANG_ANALYZER_NONNULL = YES;
				CLANG_ANALYZER_NUMBER_OBJECT_CONVERSION = YES_AGGRESSIVE;
				CLANG_CXX_LANGUAGE_STANDARD = "gnu++20";
				CLANG_ENABLE_MODULES = YES;
				CLANG_ENABLE_OBJC_ARC = YES;
				CLANG_ENABLE_OBJC_WEAK = YES;
				CLANG_WARN_BLOCK_CAPTURE_AUTORELEASING = YES;
				CLANG_WARN_BOOL_CONVERSION = YES;
				CLANG_WARN_COMMA = YES;
				CLANG_WARN_CONSTANT_CONVERSION = YES;
				CLANG_WARN_DEPRECATED_OBJC_IMPLEMENTATIONS = YES;
				CLANG_WARN_DIRECT_OBJC_ISA_USAGE = YES_ERROR;
				CLANG_WARN_DOCUMENTATION_COMMENTS = YES;
				CLANG_WARN_EMPTY_BODY = YES;
				CLANG_WARN_ENUM_CONVERSION = YES;
				CLANG_WARN_INFINITE_RECURSION = YES;
				CLANG_WARN_INT_CONVERSION = YES;
				CLANG_WARN_NON_LITERAL_NULL_CONVERSION = YES;
				CLANG_WARN_OBJC_IMPLICIT_RETAIN_SELF = YES;
				CLANG_WARN_OBJC_LITERAL_CONVERSION = YES;
				CLANG_WARN_OBJC_ROOT_CLASS = YES_ERROR;
				CLANG_WARN_QUOTED_INCLUDE_IN_FRAMEWORK_HEADER = YES;
				CLANG_WARN_RANGE_LOOP_ANALYSIS = YES;
				CLANG_WARN_STRICT_PROTOTYPES = YES;
				CLANG_WARN_SUSPICIOUS_MOVE = YES;
				CLANG_WARN_UNGUARDED_AVAILABILITY = YES_AGGRESSIVE;
				CLANG_WARN_UNREACHABLE_CODE = YES;
				CLANG_WARN__DUPLICATE_METHOD_MATCH = YES;
				COPY_PHASE_STRIP = NO;
				DEBUG_INFORMATION_FORMAT = "dwarf-with-dsym";
				ENABLE_NS_ASSERTIONS = NO;
				ENABLE_STRICT_OBJC_MSGSEND = YES;
				GCC_C_LANGUAGE_STANDARD = gnu11;
				GCC_NO_COMMON_BLOCKS = YES;
				GCC_WARN_64_TO_32_BIT_CONVERSION = YES;
				GCC_WARN_ABOUT_RETURN_TYPE = YES_ERROR;
				GCC_WARN_UNDECLARED_SELECTOR = YES;
				GCC_WARN_UNINITIALIZED_AUTOS = YES_AGGRESSIVE;
				GCC_WARN_UNUSED_FUNCTION = YES;
				GCC_WARN_UNUSED_VARIABLE = YES;
				MACOSX_DEPLOYMENT_TARGET = 12.3;
				MTL_ENABLE_DEBUG_INFO = NO;
				MTL_FAST_MATH = YES;
				SDKROOT = macosx;
				SWIFT_COMPILATION_MODE = wholemodule;
				SWIFT_OPTIMIZATION_LEVEL = "-O";
			};
			name = Release;
		};
		339A8021290A31D4005F86DC /* Debug */ = {
			isa = XCBuildConfiguration;
			buildSettings = {
				ASSETCATALOG_COMPILER_APPICON_NAME = AppIcon;
				ASSETCATALOG_COMPILER_GLOBAL_ACCENT_COLOR_NAME = AccentColor;
				CODE_SIGN_ENTITLEMENTS = hello_world_swift/hello_world_swift.entitlements;
				CODE_SIGN_STYLE = Automatic;
				COMBINE_HIDPI_IMAGES = YES;
				CURRENT_PROJECT_VERSION = 1;
				DEVELOPMENT_ASSET_PATHS = "\"hello_world_swift/Preview Content\"";
				DEVELOPMENT_TEAM = HXUKTZ49WR;
				ENABLE_HARDENED_RUNTIME = YES;
				ENABLE_PREVIEWS = YES;
				GENERATE_INFOPLIST_FILE = YES;
				INFOPLIST_FILE = "hello-world-swift-Info.plist";
				INFOPLIST_KEY_CFBundleDisplayName = "";
				INFOPLIST_KEY_LSApplicationCategoryType = "";
				INFOPLIST_KEY_NSCameraUsageDescription = "";
				INFOPLIST_KEY_NSHumanReadableCopyright = "";
				LD_RUNPATH_SEARCH_PATHS = (
					"$(inherited)",
					"@executable_path/../Frameworks",
				);
				MARKETING_VERSION = 1.0;
				PRODUCT_BUNDLE_IDENTIFIER = "e.hello-world-swift";
				PRODUCT_NAME = "$(TARGET_NAME)";
				SWIFT_EMIT_LOC_STRINGS = YES;
				SWIFT_VERSION = 5.0;
			};
			name = Debug;
		};
		339A8022290A31D4005F86DC /* Release */ = {
			isa = XCBuildConfiguration;
			buildSettings = {
				ASSETCATALOG_COMPILER_APPICON_NAME = AppIcon;
				ASSETCATALOG_COMPILER_GLOBAL_ACCENT_COLOR_NAME = AccentColor;
				CODE_SIGN_ENTITLEMENTS = hello_world_swift/hello_world_swift.entitlements;
				CODE_SIGN_STYLE = Automatic;
				COMBINE_HIDPI_IMAGES = YES;
				CURRENT_PROJECT_VERSION = 1;
				DEVELOPMENT_ASSET_PATHS = "\"hello_world_swift/Preview Content\"";
				DEVELOPMENT_TEAM = HXUKTZ49WR;
				ENABLE_HARDENED_RUNTIME = YES;
				ENABLE_PREVIEWS = YES;
				GENERATE_INFOPLIST_FILE = YES;
				INFOPLIST_FILE = "hello-world-swift-Info.plist";
				INFOPLIST_KEY_CFBundleDisplayName = "";
				INFOPLIST_KEY_LSApplicationCategoryType = "";
				INFOPLIST_KEY_NSCameraUsageDescription = "";
				INFOPLIST_KEY_NSHumanReadableCopyright = "";
				LD_RUNPATH_SEARCH_PATHS = (
					"$(inherited)",
					"@executable_path/../Frameworks",
				);
				MARKETING_VERSION = 1.0;
				PRODUCT_BUNDLE_IDENTIFIER = "e.hello-world-swift";
				PRODUCT_NAME = "$(TARGET_NAME)";
				SWIFT_EMIT_LOC_STRINGS = YES;
				SWIFT_VERSION = 5.0;
			};
			name = Release;
		};
		339A8024290A31D4005F86DC /* Debug */ = {
			isa = XCBuildConfiguration;
			buildSettings = {
				ALWAYS_EMBED_SWIFT_STANDARD_LIBRARIES = YES;
				BUNDLE_LOADER = "$(TEST_HOST)";
				CODE_SIGN_STYLE = Automatic;
				CURRENT_PROJECT_VERSION = 1;
				DEVELOPMENT_TEAM = HXUKTZ49WR;
				GENERATE_INFOPLIST_FILE = YES;
				MACOSX_DEPLOYMENT_TARGET = 12.3;
				MARKETING_VERSION = 1.0;
				PRODUCT_BUNDLE_IDENTIFIER = "e.hello-world-swiftTests";
				PRODUCT_NAME = "$(TARGET_NAME)";
				SWIFT_EMIT_LOC_STRINGS = NO;
				SWIFT_VERSION = 5.0;
				TEST_HOST = "$(BUILT_PRODUCTS_DIR)/hello_world_swift.app/$(BUNDLE_EXECUTABLE_FOLDER_PATH)/hello_world_swift";
			};
			name = Debug;
		};
		339A8025290A31D4005F86DC /* Release */ = {
			isa = XCBuildConfiguration;
			buildSettings = {
				ALWAYS_EMBED_SWIFT_STANDARD_LIBRARIES = YES;
				BUNDLE_LOADER = "$(TEST_HOST)";
				CODE_SIGN_STYLE = Automatic;
				CURRENT_PROJECT_VERSION = 1;
				DEVELOPMENT_TEAM = HXUKTZ49WR;
				GENERATE_INFOPLIST_FILE = YES;
				MACOSX_DEPLOYMENT_TARGET = 12.3;
				MARKETING_VERSION = 1.0;
				PRODUCT_BUNDLE_IDENTIFIER = "e.hello-world-swiftTests";
				PRODUCT_NAME = "$(TARGET_NAME)";
				SWIFT_EMIT_LOC_STRINGS = NO;
				SWIFT_VERSION = 5.0;
				TEST_HOST = "$(BUILT_PRODUCTS_DIR)/hello_world_swift.app/$(BUNDLE_EXECUTABLE_FOLDER_PATH)/hello_world_swift";
			};
			name = Release;
		};
		339A8027290A31D4005F86DC /* Debug */ = {
			isa = XCBuildConfiguration;
			buildSettings = {
				ALWAYS_EMBED_SWIFT_STANDARD_LIBRARIES = YES;
				CODE_SIGN_STYLE = Automatic;
				CURRENT_PROJECT_VERSION = 1;
				DEVELOPMENT_TEAM = HXUKTZ49WR;
				GENERATE_INFOPLIST_FILE = YES;
				MARKETING_VERSION = 1.0;
				PRODUCT_BUNDLE_IDENTIFIER = "e.hello-world-swiftUITests";
				PRODUCT_NAME = "$(TARGET_NAME)";
				SWIFT_EMIT_LOC_STRINGS = NO;
				SWIFT_VERSION = 5.0;
				TEST_TARGET_NAME = hello_world_swift;
			};
			name = Debug;
		};
		339A8028290A31D4005F86DC /* Release */ = {
			isa = XCBuildConfiguration;
			buildSettings = {
				ALWAYS_EMBED_SWIFT_STANDARD_LIBRARIES = YES;
				CODE_SIGN_STYLE = Automatic;
				CURRENT_PROJECT_VERSION = 1;
				DEVELOPMENT_TEAM = HXUKTZ49WR;
				GENERATE_INFOPLIST_FILE = YES;
				MARKETING_VERSION = 1.0;
				PRODUCT_BUNDLE_IDENTIFIER = "e.hello-world-swiftUITests";
				PRODUCT_NAME = "$(TARGET_NAME)";
				SWIFT_EMIT_LOC_STRINGS = NO;
				SWIFT_VERSION = 5.0;
				TEST_TARGET_NAME = hello_world_swift;
			};
			name = Release;
		};
/* End XCBuildConfiguration section */

/* Begin XCConfigurationList section */
		339A7FF6290A31D2005F86DC /* Build configuration list for PBXProject "hello_world_swift" */ = {
			isa = XCConfigurationList;
			buildConfigurations = (
				339A801E290A31D4005F86DC /* Debug */,
				339A801F290A31D4005F86DC /* Release */,
			);
			defaultConfigurationIsVisible = 0;
			defaultConfigurationName = Release;
		};
		339A8020290A31D4005F86DC /* Build configuration list for PBXNativeTarget "hello_world_swift" */ = {
			isa = XCConfigurationList;
			buildConfigurations = (
				339A8021290A31D4005F86DC /* Debug */,
				339A8022290A31D4005F86DC /* Release */,
			);
			defaultConfigurationIsVisible = 0;
			defaultConfigurationName = Release;
		};
		339A8023290A31D4005F86DC /* Build configuration list for PBXNativeTarget "hello_world_swiftTests" */ = {
			isa = XCConfigurationList;
			buildConfigurations = (
				339A8024290A31D4005F86DC /* Debug */,
				339A8025290A31D4005F86DC /* Release */,
			);
			defaultConfigurationIsVisible = 0;
			defaultConfigurationName = Release;
		};
		339A8026290A31D4005F86DC /* Build configuration list for PBXNativeTarget "hello_world_swiftUITests" */ = {
			isa = XCConfigurationList;
			buildConfigurations = (
				339A8027290A31D4005F86DC /* Debug */,
				339A8028290A31D4005F86DC /* Release */,
			);
			defaultConfigurationIsVisible = 0;
			defaultConfigurationName = Release;
		};
/* End XCConfigurationList section */
	};
	rootObject = 339A7FF3290A31D2005F86DC /* Project object */;
}
